{
  "version": 4,
  "terraform_version": "1.0.11",
  "serial": 39,
  "lineage": "4934bc51-c9f6-9c77-0cba-56a10d52407c",
  "outputs": {
    "tls_private_key": {
      "value": "-----BEGIN RSA PRIVATE KEY-----\nMIIJKQIBAAKCAgEAt5T9DUAQHmjhEqqRhYfXoO/8CaFFO71OgLHZldKie68mx66e\nK2/iAzl6OOcwYkOlIiAru+Mo9UWlHiydnUeFhbSfUAbE1r0q+/17HuqJPCN6v0ei\nA+wGpnz32DuCV9Grr9Pv9Ewxx9GCQmlwEK4vUKZTQNTmvtlSX9OqGOeCDuXwyfTg\n22ihYofSXq4tdx+xbkAWWxMjMtfvG9oeIe7nNkk6AJ/Ni8pi3sf+5iFE9Eei8ciE\naRoRPQ7Xr5HJhgKK3NtmzmmJnWjdPPgwRr40QafZkC6CBFWB841k0LeOdubY4kqD\n3aZqvdVQVaLbX1Lb0jUkswEX5GP4tvKiiiExNGInQ5h4qmJWu4L0uVyrbIoSkIzu\nmGTpI561IO9JGQSSPWuBwxx4jMvVF7OoBHzBvO7aaidtcBqIp/bIHj6wW5ADtrv/\nDWiyqcOTWmAKrPLbIfPJUEgEOVjCmBROxVTz9tvt6SSUySXP8x19DByZZKKS7Th1\nzwqC/X0AOSZ663ScEqhqurafsDo560XgtpD8UYqkQdz/v07Hx3mORYVefmaWtQNC\nEUXjjjgyxpgVcIPx3oL++fxjR0p72Iw5UZgbyJWlBamnqeTXAFIy/om/m398oy9x\nZdD3RkKIoY/cAR04uOgJdPhbvrAmyJIF6JRtv8v1DvuMIikFVuxV8KBq5nMCAwEA\nAQKCAgBMhTCZNkvBsSunsSspAn9RmNZwWSVXikfPgtJUDdEmRtKeRt2s81y8xVd5\nonvbaaDKQaiZD02CNr5lfmlQJoC0Q55oJ/oiHAVvta99Knt7crp2QnB4vAflm49f\nNSbWXhH3HxsUtDHHvT9TWUmZ2lDkh/+JtXRcto8MXFi5Or5OYW/lbknPiqRCQqTg\nTC+tSKuXbeUjny17wt/qtxb6Q+9iBFHF8tYlX32oqKpJ2DI6tCVqLI9sk639ylMC\n3nymfCbPejA292yiDRSylizhP+TePQ2FeK0/Czk4gIY2LVyXmQ9r+21NlVFGwURT\n/ab867euvfIHHvyLeVQxRZ+UfdNY8fICI9wXVEltMSJ7o16qsw76bAp4yqoCP7n2\nDnqfG7YHROZlEVoR58MxYQST5PA0kL8PQNZdhUOrFp3Yl2lwIlPX5vachVs/b1Ml\nLeKsUTrXkeCrDpVXoxDA60qtvAbuVC2e+mb1+YdET00ksm9RNfM/9YVVZJtyQd49\njn1IdsGfjhUia1BdUmYqBXz1Is54Yu46gMwOzZr9IJwP0LBHkrqBd3IC0yvfs85L\nnBkNtvyf8G6YpbyzMdo8RiGjZs+6Pm+QdPhmqFdASNl0fwIzEpyIxixleXxb/e26\ntFdDFqQkoDDA6VYDpDB5njCf0ev+t6Od7VhOouA8R9RAbZ3+6QKCAQEA7CIckwz+\ne4Jtrf93Jt1XNWw21u4xZnsLJI8t8r1CWL+UA8xhL5A1XTWPN7mWoH47cB23YmVN\nXJD7TaaKnk0y7Hsr5PoW6xjsfvo+IKjO2iJXE6u3gh4VzlkYwTdusgNlitAdMBzA\ngpTRXRo1QQhMr5pGoINd12lFd6RPiyzF7Imf0BH1MViuS0eRdRPlUP7vpV0MvkiV\nf2PzCMS6XwBPMA/FueIbXOrV5u/HXWN7bvRNEbd7u18PDBzRHHFkjLivJYrC5knB\n/sgsOr+xLc9Y126ZQS5BfkipKFwzJwkLkPrSqjrvdem1xtOySSmiiEB5tvhZS5Sh\nAkuNYjl+Jja+fQKCAQEAxwcEPE6ZduiIUr6nPsVIasKVBc9TWZtXgK2cw9e0T/QI\nnqgQ5JDRsZTPlVZ4ysQpbC9lQmNOpppI3IP0y/R3ptd514euQ9/i+SvTOZUvCenY\nNEwSByYPODO5XvWN2LKQEcZ0CoeknvIqzvHw/6WQaqjAJtJMhTImx3mDUdzYnqDa\ns8qoe9Bxfk5/FGy3dkESEz+tm8gZ7byW4h1PnYjQDiBCXXGri7zgBJWhbT0Rp7m8\n/blnB0QuNgRn6Y3wlSo+A14ODZcOdIrYLTaeaJL3f8oVMEXwGNMEbd9kWm4IsdG0\nFRDCDF2m8LoXKy3Eh2nHfId6FdUS7pBV+sBB/Z2brwKCAQEAxnlhhSQ93jhh0gdQ\n8kTG4WtkqMEqmpW/ZupF16rGUmwskAjAg0b147N5/n+qoJmZggIoOrclEDH4WGss\nRiRjMivRWDPxAYhAd/YENFVPEEAe6rTBmMeK0pdG3FioXU3Hkqacce0ozlkhpNy7\neD7ungbRaGcigEXGkupzxWpLriZ7QltluSVt0m6ET2D6tVqiuV59sI63wYyUIYGh\nmOpcpOwM6NGo6C+mvOY7rz5H6JnFEagkgvhCYI70ILEar8EnzilU6lWCjpFXw8WN\nuhB2/xTCEew8NlYCgJ8Gi7/pjeGVImpJDdXz6PvU9fPd3iI7a9RQ0dtKffBdFPt4\nEcyfzQKCAQAL3wJEqpeCvSnsbYzCNLg2Dfcfipc5IAffF/vivon1vuOIuxOO3ohz\nZCHhkW/RAFRMLKOIiy3UyB0Schh21dURMYcF8QTW7ZK3NAL8S0ar+7O2otbscDu2\nKXekD1dvlm77cG/ZdO+/v0gIYevzA6gShJA5gI+p3izr9vZ7OoX9KDEDSlI0WGF8\nnCf+SuHCfu0aEtFDGnNZd8c0I3VtOwzV2ty6gB4wToq6G0auolbcPzrjk1xu1YVA\nGZEtIBc6fnOGdeS2sMze7K0qPTjDmgiDKcWLxJAmmueHuixdLHT+TjjEjORWInvj\nneXl4Gv5e7i3V8lTZgskCZ3nP/JvsyfnAoIBAQDeeOa6v38RNwt2F68rzIFmrQQo\n9qCXa9mtJXa1RPN01MtvWbRF03ywc1iZbKnqhzYVEal8QJFf+JvE8IGd1YwBQzOM\nI9rE+Imzn7sycg61eviKLY7cHwaM4OLfv5UT5YMvFxD3vQzqhMO/Ou+sXxFOEin+\n10ZPN1h0nUypQbLgBj1OgYtdcxMpETrCCpwCqxxZg9BSGhTFs4qIeV7g5BViw6bd\nDjMp/J65ANgvvIU5Z1kHRntB8fm2q1Do8oF8dBbmDaW46+m9E5h50wBr423QM+I+\nop1sjvI8GbJD751Yp0bqMX3gOQ2xSLiqtzTw9O0Ag1VZj9cCtOpo7auq2UL7\n-----END RSA PRIVATE KEY-----\n",
      "type": "string",
      "sensitive": true
    }
  },
  "resources": [
    {
      "mode": "data",
      "type": "template_file",
      "name": "linux-vm-cloud-init",
      "provider": "provider[\"registry.terraform.io/hashicorp/template\"]",
      "instances": [
        {
          "schema_version": 0,
          "attributes": {
            "filename": null,
            "id": "143f86e46bdabc523e08665ae2fcc3f1ad436bd0e70edf1e4ee914edff41d33c",
            "rendered": "#! /bin/bash\nsudo apt-get update\nsudo apt-get install -y git\nsudo apt-get install -y docker\nsudo systemctl start docker",
            "template": "#! /bin/bash\nsudo apt-get update\nsudo apt-get install -y git\nsudo apt-get install -y docker\nsudo systemctl start docker",
            "vars": null
          },
          "sensitive_attributes": []
        }
      ]
    },
    {
      "mode": "managed",
      "type": "azurerm_linux_virtual_machine",
      "name": "myterraformvm",
      "provider": "provider[\"registry.terraform.io/hashicorp/azurerm\"]",
      "instances": [
        {
          "schema_version": 0,
          "attributes": {
            "additional_capabilities": [],
            "admin_password": null,
            "admin_ssh_key": [
              {
                "public_key": "ssh-rsa AAAAB3NzaC1yc2EAAAADAQABAAACAQC3lP0NQBAeaOESqpGFh9eg7/wJoUU7vU6AsdmV0qJ7rybHrp4rb+IDOXo45zBiQ6UiICu74yj1RaUeLJ2dR4WFtJ9QBsTWvSr7/Xse6ok8I3q/R6ID7AamfPfYO4JX0auv0+/0TDHH0YJCaXAQri9QplNA1Oa+2VJf06oY54IO5fDJ9ODbaKFih9Jeri13H7FuQBZbEyMy1+8b2h4h7uc2SToAn82LymLex/7mIUT0R6LxyIRpGhE9DtevkcmGAorc22bOaYmdaN08+DBGvjRBp9mQLoIEVYHzjWTQt4525tjiSoPdpmq91VBVottfUtvSNSSzARfkY/i28qKKITE0YidDmHiqYla7gvS5XKtsihKQjO6YZOkjnrUg70kZBJI9a4HDHHiMy9UXs6gEfMG87tpqJ21wGoin9sgePrBbkAO2u/8NaLKpw5NaYAqs8tsh88lQSAQ5WMKYFE7FVPP22+3pJJTJJc/zHX0MHJlkopLtOHXPCoL9fQA5JnrrdJwSqGq6tp+wOjnrReC2kPxRiqRB3P+/TsfHeY5FhV5+Zpa1A0IRReOOODLGmBVwg/Hegv75/GNHSnvYjDlRmBvIlaUFqaep5NcAUjL+ib+bf3yjL3Fl0PdGQoihj9wBHTi46Al0+Fu+sCbIkgXolG2/y/UO+4wiKQVW7FXwoGrmcw==\n",
                "username": "azureuser"
              }
            ],
            "admin_username": "azureuser",
            "allow_extension_operations": true,
            "availability_set_id": "",
            "boot_diagnostics": [
              {
                "storage_account_uri": "https://hu19nithinstorageaccount.blob.core.windows.net/"
              }
            ],
            "computer_name": "nithinhu19vm",
            "custom_data": null,
            "dedicated_host_id": "",
            "disable_password_authentication": true,
            "encryption_at_host_enabled": false,
            "eviction_policy": "",
            "extensions_time_budget": "PT1H30M",
            "id": "/subscriptions/fcd4d0d9-59c4-451c-9665-a0001f80e9e2/resourceGroups/AZRG-USE2-CON-NPDHASHEDINAZUREINTERNALPOC-NPD-002/providers/Microsoft.Compute/virtualMachines/nithinhu19terraVM",
            "identity": [],
            "license_type": "",
            "location": "eastus",
            "max_bid_price": -1,
            "name": "nithinhu19terraVM",
            "network_interface_ids": [
              "/subscriptions/fcd4d0d9-59c4-451c-9665-a0001f80e9e2/resourceGroups/AZRG-USE2-CON-NPDHASHEDINAZUREINTERNALPOC-NPD-002/providers/Microsoft.Network/networkInterfaces/nithinhu19NIC"
            ],
            "os_disk": [
              {
                "caching": "ReadWrite",
                "diff_disk_settings": [],
                "disk_encryption_set_id": "",
                "disk_size_gb": 30,
                "name": "nithinOsDisk",
                "storage_account_type": "Standard_LRS",
                "write_accelerator_enabled": false
              }
            ],
            "patch_mode": "ImageDefault",
            "plan": [],
            "platform_fault_domain": -1,
            "priority": "Regular",
            "private_ip_address": "10.1.212.4",
            "private_ip_addresses": [
              "10.1.212.4"
            ],
            "provision_vm_agent": true,
            "proximity_placement_group_id": "",
            "public_ip_address": "20.124.222.44",
            "public_ip_addresses": [
              "20.124.222.44"
            ],
            "resource_group_name": "AZRG-USE2-CON-NPDHASHEDINAZUREINTERNALPOC-NPD-002",
            "secret": [],
            "size": "Standard_DS1_v2",
            "source_image_id": "",
            "source_image_reference": [
              {
                "offer": "UbuntuServer",
                "publisher": "Canonical",
                "sku": "18.04-LTS",
                "version": "latest"
              }
            ],
            "tags": {
              "BILLINGCODE": "LPX02939-01-01-01-0000",
              "COUNTRY": "US",
              "FUNCTION": "CON",
              "MEMBERFIRM": "US",
              "environment": "Terraform Demo"
            },
            "timeouts": null,
            "virtual_machine_id": "9559c6bc-2872-4df3-a919-683c8cf28dba",
            "virtual_machine_scale_set_id": "",
            "zone": ""
          },
          "sensitive_attributes": [],
          "private": "eyJlMmJmYjczMC1lY2FhLTExZTYtOGY4OC0zNDM2M2JjN2M0YzAiOnsiY3JlYXRlIjoyNzAwMDAwMDAwMDAwLCJkZWxldGUiOjI3MDAwMDAwMDAwMDAsInJlYWQiOjMwMDAwMDAwMDAwMCwidXBkYXRlIjoyNzAwMDAwMDAwMDAwfX0=",
          "dependencies": [
            "azurerm_network_interface.myterraformnic",
            "azurerm_public_ip.myterraformpublicip",
            "azurerm_storage_account.mystorageaccount",
            "azurerm_subnet.myterraformsubnet",
            "tls_private_key.nithinhu19_ssh"
          ]
        }
      ]
    },
    {
      "mode": "managed",
      "type": "azurerm_network_interface",
      "name": "myterraformnic",
      "provider": "provider[\"registry.terraform.io/hashicorp/azurerm\"]",
      "instances": [
        {
          "schema_version": 0,
          "attributes": {
            "applied_dns_servers": [],
            "dns_servers": [],
            "enable_accelerated_networking": false,
            "enable_ip_forwarding": false,
            "id": "/subscriptions/fcd4d0d9-59c4-451c-9665-a0001f80e9e2/resourceGroups/AZRG-USE2-CON-NPDHASHEDINAZUREINTERNALPOC-NPD-002/providers/Microsoft.Network/networkInterfaces/nithinhu19NIC",
            "internal_dns_name_label": "",
            "internal_domain_name_suffix": "vilknzajbj4ejos4roafvowduf.bx.internal.cloudapp.net",
            "ip_configuration": [
              {
                "gateway_load_balancer_frontend_ip_configuration_id": "",
                "name": "nithinNicConfiguration",
                "primary": true,
                "private_ip_address": "10.1.212.4",
                "private_ip_address_allocation": "Dynamic",
                "private_ip_address_version": "IPv4",
                "public_ip_address_id": "/subscriptions/fcd4d0d9-59c4-451c-9665-a0001f80e9e2/resourceGroups/AZRG-USE2-CON-NPDHASHEDINAZUREINTERNALPOC-NPD-002/providers/Microsoft.Network/publicIPAddresses/nithinterraPublicIP",
                "subnet_id": "/subscriptions/fcd4d0d9-59c4-451c-9665-a0001f80e9e2/resourceGroups/AZRG-USE2-CON-NPDHASHEDINAZUREINTERNALPOC-NPD-002/providers/Microsoft.Network/virtualNetworks/hu19-tf-vnet/subnets/nithin19terraSubnet"
              }
            ],
            "location": "eastus",
            "mac_address": "00-0D-3A-56-B5-08",
            "name": "nithinhu19NIC",
            "private_ip_address": "10.1.212.4",
            "private_ip_addresses": [
              "10.1.212.4"
            ],
            "resource_group_name": "AZRG-USE2-CON-NPDHASHEDINAZUREINTERNALPOC-NPD-002",
            "tags": {
              "environment": "Terraform Demo"
            },
            "timeouts": null,
            "virtual_machine_id": "/subscriptions/fcd4d0d9-59c4-451c-9665-a0001f80e9e2/resourceGroups/AZRG-USE2-CON-NPDHASHEDINAZUREINTERNALPOC-NPD-002/providers/Microsoft.Compute/virtualMachines/nithinhu19terraVM"
          },
          "sensitive_attributes": [],
          "private": "eyJlMmJmYjczMC1lY2FhLTExZTYtOGY4OC0zNDM2M2JjN2M0YzAiOnsiY3JlYXRlIjoxODAwMDAwMDAwMDAwLCJkZWxldGUiOjE4MDAwMDAwMDAwMDAsInJlYWQiOjMwMDAwMDAwMDAwMCwidXBkYXRlIjoxODAwMDAwMDAwMDAwfX0=",
          "dependencies": [
            "azurerm_public_ip.myterraformpublicip",
            "azurerm_subnet.myterraformsubnet"
          ]
        }
      ]
    },
    {
      "mode": "managed",
      "type": "azurerm_network_interface_security_group_association",
      "name": "example",
      "provider": "provider[\"registry.terraform.io/hashicorp/azurerm\"]",
      "instances": [
        {
          "schema_version": 0,
          "attributes": {
            "id": "/subscriptions/fcd4d0d9-59c4-451c-9665-a0001f80e9e2/resourceGroups/AZRG-USE2-CON-NPDHASHEDINAZUREINTERNALPOC-NPD-002/providers/Microsoft.Network/networkInterfaces/nithinhu19NIC|/subscriptions/fcd4d0d9-59c4-451c-9665-a0001f80e9e2/resourceGroups/AZRG-USE2-CON-NPDHASHEDINAZUREINTERNALPOC-NPD-002/providers/Microsoft.Network/networkSecurityGroups/nithinhu19NSG",
            "network_interface_id": "/subscriptions/fcd4d0d9-59c4-451c-9665-a0001f80e9e2/resourceGroups/AZRG-USE2-CON-NPDHASHEDINAZUREINTERNALPOC-NPD-002/providers/Microsoft.Network/networkInterfaces/nithinhu19NIC",
            "network_security_group_id": "/subscriptions/fcd4d0d9-59c4-451c-9665-a0001f80e9e2/resourceGroups/AZRG-USE2-CON-NPDHASHEDINAZUREINTERNALPOC-NPD-002/providers/Microsoft.Network/networkSecurityGroups/nithinhu19NSG",
            "timeouts": null
          },
          "sensitive_attributes": [],
          "private": "eyJlMmJmYjczMC1lY2FhLTExZTYtOGY4OC0zNDM2M2JjN2M0YzAiOnsiY3JlYXRlIjoxODAwMDAwMDAwMDAwLCJkZWxldGUiOjE4MDAwMDAwMDAwMDAsInJlYWQiOjMwMDAwMDAwMDAwMCwidXBkYXRlIjoxODAwMDAwMDAwMDAwfX0=",
          "dependencies": [
            "azurerm_network_security_group.myterraformnsg",
            "azurerm_public_ip.myterraformpublicip",
            "azurerm_subnet.myterraformsubnet",
            "azurerm_network_interface.myterraformnic"
          ]
        }
      ]
    },
    {
      "mode": "managed",
      "type": "azurerm_network_security_group",
      "name": "myterraformnsg",
      "provider": "provider[\"registry.terraform.io/hashicorp/azurerm\"]",
      "instances": [
        {
          "schema_version": 0,
          "attributes": {
            "id": "/subscriptions/fcd4d0d9-59c4-451c-9665-a0001f80e9e2/resourceGroups/AZRG-USE2-CON-NPDHASHEDINAZUREINTERNALPOC-NPD-002/providers/Microsoft.Network/networkSecurityGroups/nithinhu19NSG",
            "location": "eastus",
            "name": "nithinhu19NSG",
            "resource_group_name": "AZRG-USE2-CON-NPDHASHEDINAZUREINTERNALPOC-NPD-002",
            "security_rule": [
              {
                "access": "Allow",
                "description": "",
                "destination_address_prefix": "*",
                "destination_address_prefixes": [],
                "destination_application_security_group_ids": [],
                "destination_port_range": "22",
                "destination_port_ranges": [],
                "direction": "Inbound",
                "name": "SSH",
                "priority": 1001,
                "protocol": "Tcp",
                "source_address_prefix": "*",
                "source_address_prefixes": [],
                "source_application_security_group_ids": [],
                "source_port_range": "*",
                "source_port_ranges": []
              }
            ],
            "tags": {
              "BILLINGCODE": "LPX02939-01-01-01-0000",
              "COUNTRY": "US",
              "FUNCTION": "CON",
              "MEMBERFIRM": "US",
              "environment": "Terraform Demo"
            },
            "timeouts": null
          },
          "sensitive_attributes": [],
          "private": "eyJlMmJmYjczMC1lY2FhLTExZTYtOGY4OC0zNDM2M2JjN2M0YzAiOnsiY3JlYXRlIjoxODAwMDAwMDAwMDAwLCJkZWxldGUiOjE4MDAwMDAwMDAwMDAsInJlYWQiOjMwMDAwMDAwMDAwMCwidXBkYXRlIjoxODAwMDAwMDAwMDAwfX0="
        }
      ]
    },
    {
      "mode": "managed",
      "type": "azurerm_public_ip",
      "name": "myterraformpublicip",
      "provider": "provider[\"registry.terraform.io/hashicorp/azurerm\"]",
      "instances": [
        {
          "schema_version": 0,
          "attributes": {
            "allocation_method": "Dynamic",
            "availability_zone": "No-Zone",
            "domain_name_label": null,
            "fqdn": null,
            "id": "/subscriptions/fcd4d0d9-59c4-451c-9665-a0001f80e9e2/resourceGroups/AZRG-USE2-CON-NPDHASHEDINAZUREINTERNALPOC-NPD-002/providers/Microsoft.Network/publicIPAddresses/nithinterraPublicIP",
            "idle_timeout_in_minutes": 4,
            "ip_address": "20.124.222.44",
            "ip_tags": {},
            "ip_version": "IPv4",
            "location": "eastus",
            "name": "nithinterraPublicIP",
            "public_ip_prefix_id": null,
            "resource_group_name": "AZRG-USE2-CON-NPDHASHEDINAZUREINTERNALPOC-NPD-002",
            "reverse_fqdn": null,
            "sku": "Basic",
            "sku_tier": "Regional",
            "tags": {
              "BILLINGCODE": "LPX02939-01-01-01-0000",
              "COUNTRY": "US",
              "FUNCTION": "CON",
              "MEMBERFIRM": "US",
              "environment": "HU-19"
            },
            "timeouts": null,
            "zones": []
          },
          "sensitive_attributes": [],
          "private": "eyJlMmJmYjczMC1lY2FhLTExZTYtOGY4OC0zNDM2M2JjN2M0YzAiOnsiY3JlYXRlIjoxODAwMDAwMDAwMDAwLCJkZWxldGUiOjE4MDAwMDAwMDAwMDAsInJlYWQiOjMwMDAwMDAwMDAwMCwidXBkYXRlIjoxODAwMDAwMDAwMDAwfX0="
        }
      ]
    },
    {
      "mode": "managed",
      "type": "azurerm_storage_account",
      "name": "mystorageaccount",
      "provider": "provider[\"registry.terraform.io/hashicorp/azurerm\"]",
      "instances": [
        {
          "schema_version": 2,
          "attributes": {
            "access_tier": "Hot",
            "account_kind": "StorageV2",
            "account_replication_type": "LRS",
            "account_tier": "Standard",
            "allow_blob_public_access": false,
            "azure_files_authentication": [],
            "blob_properties": [
              {
                "change_feed_enabled": false,
                "container_delete_retention_policy": [],
                "cors_rule": [],
                "default_service_version": "",
                "delete_retention_policy": [],
                "last_access_time_enabled": false,
                "versioning_enabled": false
              }
            ],
            "custom_domain": [],
            "enable_https_traffic_only": true,
            "id": "/subscriptions/fcd4d0d9-59c4-451c-9665-a0001f80e9e2/resourceGroups/AZRG-USE2-CON-NPDHASHEDINAZUREINTERNALPOC-NPD-002/providers/Microsoft.Storage/storageAccounts/hu19nithinstorageaccount",
            "identity": [],
            "is_hns_enabled": false,
            "large_file_share_enabled": null,
            "location": "eastus",
            "min_tls_version": "TLS1_0",
            "name": "hu19nithinstorageaccount",
            "network_rules": [
              {
                "bypass": [
                  "AzureServices"
                ],
                "default_action": "Allow",
                "ip_rules": [],
                "private_link_access": [],
                "virtual_network_subnet_ids": []
              }
            ],
            "nfsv3_enabled": false,
            "primary_access_key": "BGtdYzMNz6lXy8zJMuNqatd4m7X8OBjDsoRCPVmbV/T5FyXbKX9Xe7420uF0bB5RwCtYuY0qVIkih0xipj6z0w==",
            "primary_blob_connection_string": "DefaultEndpointsProtocol=https;BlobEndpoint=https://hu19nithinstorageaccount.blob.core.windows.net/;AccountName=hu19nithinstorageaccount;AccountKey=BGtdYzMNz6lXy8zJMuNqatd4m7X8OBjDsoRCPVmbV/T5FyXbKX9Xe7420uF0bB5RwCtYuY0qVIkih0xipj6z0w==",
            "primary_blob_endpoint": "https://hu19nithinstorageaccount.blob.core.windows.net/",
            "primary_blob_host": "hu19nithinstorageaccount.blob.core.windows.net",
            "primary_connection_string": "DefaultEndpointsProtocol=https;AccountName=hu19nithinstorageaccount;AccountKey=BGtdYzMNz6lXy8zJMuNqatd4m7X8OBjDsoRCPVmbV/T5FyXbKX9Xe7420uF0bB5RwCtYuY0qVIkih0xipj6z0w==;EndpointSuffix=core.windows.net",
            "primary_dfs_endpoint": "https://hu19nithinstorageaccount.dfs.core.windows.net/",
            "primary_dfs_host": "hu19nithinstorageaccount.dfs.core.windows.net",
            "primary_file_endpoint": "https://hu19nithinstorageaccount.file.core.windows.net/",
            "primary_file_host": "hu19nithinstorageaccount.file.core.windows.net",
            "primary_location": "eastus",
            "primary_queue_endpoint": "https://hu19nithinstorageaccount.queue.core.windows.net/",
            "primary_queue_host": "hu19nithinstorageaccount.queue.core.windows.net",
            "primary_table_endpoint": "https://hu19nithinstorageaccount.table.core.windows.net/",
            "primary_table_host": "hu19nithinstorageaccount.table.core.windows.net",
            "primary_web_endpoint": "https://hu19nithinstorageaccount.z13.web.core.windows.net/",
            "primary_web_host": "hu19nithinstorageaccount.z13.web.core.windows.net",
            "queue_encryption_key_type": "Service",
            "queue_properties": [
              {
                "cors_rule": [],
                "hour_metrics": [
                  {
                    "enabled": true,
                    "include_apis": true,
                    "retention_policy_days": 7,
                    "version": "1.0"
                  }
                ],
                "logging": [
                  {
                    "delete": false,
                    "read": false,
                    "retention_policy_days": 0,
                    "version": "1.0",
                    "write": false
                  }
                ],
                "minute_metrics": [
                  {
                    "enabled": false,
                    "include_apis": false,
                    "retention_policy_days": 0,
                    "version": "1.0"
                  }
                ]
              }
            ],
            "resource_group_name": "AZRG-USE2-CON-NPDHASHEDINAZUREINTERNALPOC-NPD-002",
            "routing": [],
            "secondary_access_key": "SygEVSKbYabRsOdnY+Cx+3fIuogb0uS/uFRkRrGjY8BjdskTdb0RxX0+NeFBbMjH1usA9OhY5bKHPnY7bs6CEg==",
            "secondary_blob_connection_string": "",
            "secondary_blob_endpoint": null,
            "secondary_blob_host": null,
            "secondary_connection_string": "DefaultEndpointsProtocol=https;AccountName=hu19nithinstorageaccount;AccountKey=SygEVSKbYabRsOdnY+Cx+3fIuogb0uS/uFRkRrGjY8BjdskTdb0RxX0+NeFBbMjH1usA9OhY5bKHPnY7bs6CEg==;EndpointSuffix=core.windows.net",
            "secondary_dfs_endpoint": null,
            "secondary_dfs_host": null,
            "secondary_file_endpoint": null,
            "secondary_file_host": null,
            "secondary_location": "",
            "secondary_queue_endpoint": null,
            "secondary_queue_host": null,
            "secondary_table_endpoint": null,
            "secondary_table_host": null,
            "secondary_web_endpoint": null,
            "secondary_web_host": null,
            "share_properties": [
              {
                "cors_rule": [],
                "retention_policy": [
                  {
                    "days": 7
                  }
                ],
                "smb": []
              }
            ],
            "shared_access_key_enabled": true,
            "static_website": [],
            "table_encryption_key_type": "Service",
            "tags": {
              "BILLINGCODE": "LPX02939-01-01-01-0000",
              "COUNTRY": "US",
              "FUNCTION": "CON",
              "MEMBERFIRM": "US",
              "environment": "Terraform Demo"
            },
            "timeouts": null
          },
          "sensitive_attributes": [],
          "private": "eyJlMmJmYjczMC1lY2FhLTExZTYtOGY4OC0zNDM2M2JjN2M0YzAiOnsiY3JlYXRlIjozNjAwMDAwMDAwMDAwLCJkZWxldGUiOjM2MDAwMDAwMDAwMDAsInJlYWQiOjMwMDAwMDAwMDAwMCwidXBkYXRlIjozNjAwMDAwMDAwMDAwfSwic2NoZW1hX3ZlcnNpb24iOiIyIn0="
        }
      ]
    },
    {
      "mode": "managed",
      "type": "azurerm_subnet",
      "name": "myterraformsubnet",
      "provider": "provider[\"registry.terraform.io/hashicorp/azurerm\"]",
      "instances": [
        {
          "schema_version": 0,
          "attributes": {
            "address_prefix": "10.1.212.0/23",
            "address_prefixes": [
              "10.1.212.0/23"
            ],
            "delegation": [],
            "enforce_private_link_endpoint_network_policies": false,
            "enforce_private_link_service_network_policies": false,
            "id": "/subscriptions/fcd4d0d9-59c4-451c-9665-a0001f80e9e2/resourceGroups/AZRG-USE2-CON-NPDHASHEDINAZUREINTERNALPOC-NPD-002/providers/Microsoft.Network/virtualNetworks/hu19-tf-vnet/subnets/nithin19terraSubnet",
            "name": "nithin19terraSubnet",
            "resource_group_name": "AZRG-USE2-CON-NPDHASHEDINAZUREINTERNALPOC-NPD-002",
            "service_endpoint_policy_ids": [],
            "service_endpoints": [],
            "timeouts": null,
            "virtual_network_name": "hu19-tf-vnet"
          },
          "sensitive_attributes": [],
          "private": "eyJlMmJmYjczMC1lY2FhLTExZTYtOGY4OC0zNDM2M2JjN2M0YzAiOnsiY3JlYXRlIjoxODAwMDAwMDAwMDAwLCJkZWxldGUiOjE4MDAwMDAwMDAwMDAsInJlYWQiOjMwMDAwMDAwMDAwMCwidXBkYXRlIjoxODAwMDAwMDAwMDAwfX0="
        }
      ]
    },
    {
      "mode": "managed",
      "type": "tls_private_key",
      "name": "nithinhu19_ssh",
      "provider": "provider[\"registry.terraform.io/hashicorp/tls\"]",
      "instances": [
        {
          "schema_version": 0,
          "attributes": {
            "algorithm": "RSA",
            "ecdsa_curve": "P224",
            "id": "b7c0e7e8bb70480bdcc701ee922c47ee58766dad",
            "private_key_pem": "-----BEGIN RSA PRIVATE KEY-----\nMIIJKQIBAAKCAgEAt5T9DUAQHmjhEqqRhYfXoO/8CaFFO71OgLHZldKie68mx66e\nK2/iAzl6OOcwYkOlIiAru+Mo9UWlHiydnUeFhbSfUAbE1r0q+/17HuqJPCN6v0ei\nA+wGpnz32DuCV9Grr9Pv9Ewxx9GCQmlwEK4vUKZTQNTmvtlSX9OqGOeCDuXwyfTg\n22ihYofSXq4tdx+xbkAWWxMjMtfvG9oeIe7nNkk6AJ/Ni8pi3sf+5iFE9Eei8ciE\naRoRPQ7Xr5HJhgKK3NtmzmmJnWjdPPgwRr40QafZkC6CBFWB841k0LeOdubY4kqD\n3aZqvdVQVaLbX1Lb0jUkswEX5GP4tvKiiiExNGInQ5h4qmJWu4L0uVyrbIoSkIzu\nmGTpI561IO9JGQSSPWuBwxx4jMvVF7OoBHzBvO7aaidtcBqIp/bIHj6wW5ADtrv/\nDWiyqcOTWmAKrPLbIfPJUEgEOVjCmBROxVTz9tvt6SSUySXP8x19DByZZKKS7Th1\nzwqC/X0AOSZ663ScEqhqurafsDo560XgtpD8UYqkQdz/v07Hx3mORYVefmaWtQNC\nEUXjjjgyxpgVcIPx3oL++fxjR0p72Iw5UZgbyJWlBamnqeTXAFIy/om/m398oy9x\nZdD3RkKIoY/cAR04uOgJdPhbvrAmyJIF6JRtv8v1DvuMIikFVuxV8KBq5nMCAwEA\nAQKCAgBMhTCZNkvBsSunsSspAn9RmNZwWSVXikfPgtJUDdEmRtKeRt2s81y8xVd5\nonvbaaDKQaiZD02CNr5lfmlQJoC0Q55oJ/oiHAVvta99Knt7crp2QnB4vAflm49f\nNSbWXhH3HxsUtDHHvT9TWUmZ2lDkh/+JtXRcto8MXFi5Or5OYW/lbknPiqRCQqTg\nTC+tSKuXbeUjny17wt/qtxb6Q+9iBFHF8tYlX32oqKpJ2DI6tCVqLI9sk639ylMC\n3nymfCbPejA292yiDRSylizhP+TePQ2FeK0/Czk4gIY2LVyXmQ9r+21NlVFGwURT\n/ab867euvfIHHvyLeVQxRZ+UfdNY8fICI9wXVEltMSJ7o16qsw76bAp4yqoCP7n2\nDnqfG7YHROZlEVoR58MxYQST5PA0kL8PQNZdhUOrFp3Yl2lwIlPX5vachVs/b1Ml\nLeKsUTrXkeCrDpVXoxDA60qtvAbuVC2e+mb1+YdET00ksm9RNfM/9YVVZJtyQd49\njn1IdsGfjhUia1BdUmYqBXz1Is54Yu46gMwOzZr9IJwP0LBHkrqBd3IC0yvfs85L\nnBkNtvyf8G6YpbyzMdo8RiGjZs+6Pm+QdPhmqFdASNl0fwIzEpyIxixleXxb/e26\ntFdDFqQkoDDA6VYDpDB5njCf0ev+t6Od7VhOouA8R9RAbZ3+6QKCAQEA7CIckwz+\ne4Jtrf93Jt1XNWw21u4xZnsLJI8t8r1CWL+UA8xhL5A1XTWPN7mWoH47cB23YmVN\nXJD7TaaKnk0y7Hsr5PoW6xjsfvo+IKjO2iJXE6u3gh4VzlkYwTdusgNlitAdMBzA\ngpTRXRo1QQhMr5pGoINd12lFd6RPiyzF7Imf0BH1MViuS0eRdRPlUP7vpV0MvkiV\nf2PzCMS6XwBPMA/FueIbXOrV5u/HXWN7bvRNEbd7u18PDBzRHHFkjLivJYrC5knB\n/sgsOr+xLc9Y126ZQS5BfkipKFwzJwkLkPrSqjrvdem1xtOySSmiiEB5tvhZS5Sh\nAkuNYjl+Jja+fQKCAQEAxwcEPE6ZduiIUr6nPsVIasKVBc9TWZtXgK2cw9e0T/QI\nnqgQ5JDRsZTPlVZ4ysQpbC9lQmNOpppI3IP0y/R3ptd514euQ9/i+SvTOZUvCenY\nNEwSByYPODO5XvWN2LKQEcZ0CoeknvIqzvHw/6WQaqjAJtJMhTImx3mDUdzYnqDa\ns8qoe9Bxfk5/FGy3dkESEz+tm8gZ7byW4h1PnYjQDiBCXXGri7zgBJWhbT0Rp7m8\n/blnB0QuNgRn6Y3wlSo+A14ODZcOdIrYLTaeaJL3f8oVMEXwGNMEbd9kWm4IsdG0\nFRDCDF2m8LoXKy3Eh2nHfId6FdUS7pBV+sBB/Z2brwKCAQEAxnlhhSQ93jhh0gdQ\n8kTG4WtkqMEqmpW/ZupF16rGUmwskAjAg0b147N5/n+qoJmZggIoOrclEDH4WGss\nRiRjMivRWDPxAYhAd/YENFVPEEAe6rTBmMeK0pdG3FioXU3Hkqacce0ozlkhpNy7\neD7ungbRaGcigEXGkupzxWpLriZ7QltluSVt0m6ET2D6tVqiuV59sI63wYyUIYGh\nmOpcpOwM6NGo6C+mvOY7rz5H6JnFEagkgvhCYI70ILEar8EnzilU6lWCjpFXw8WN\nuhB2/xTCEew8NlYCgJ8Gi7/pjeGVImpJDdXz6PvU9fPd3iI7a9RQ0dtKffBdFPt4\nEcyfzQKCAQAL3wJEqpeCvSnsbYzCNLg2Dfcfipc5IAffF/vivon1vuOIuxOO3ohz\nZCHhkW/RAFRMLKOIiy3UyB0Schh21dURMYcF8QTW7ZK3NAL8S0ar+7O2otbscDu2\nKXekD1dvlm77cG/ZdO+/v0gIYevzA6gShJA5gI+p3izr9vZ7OoX9KDEDSlI0WGF8\nnCf+SuHCfu0aEtFDGnNZd8c0I3VtOwzV2ty6gB4wToq6G0auolbcPzrjk1xu1YVA\nGZEtIBc6fnOGdeS2sMze7K0qPTjDmgiDKcWLxJAmmueHuixdLHT+TjjEjORWInvj\nneXl4Gv5e7i3V8lTZgskCZ3nP/JvsyfnAoIBAQDeeOa6v38RNwt2F68rzIFmrQQo\n9qCXa9mtJXa1RPN01MtvWbRF03ywc1iZbKnqhzYVEal8QJFf+JvE8IGd1YwBQzOM\nI9rE+Imzn7sycg61eviKLY7cHwaM4OLfv5UT5YMvFxD3vQzqhMO/Ou+sXxFOEin+\n10ZPN1h0nUypQbLgBj1OgYtdcxMpETrCCpwCqxxZg9BSGhTFs4qIeV7g5BViw6bd\nDjMp/J65ANgvvIU5Z1kHRntB8fm2q1Do8oF8dBbmDaW46+m9E5h50wBr423QM+I+\nop1sjvI8GbJD751Yp0bqMX3gOQ2xSLiqtzTw9O0Ag1VZj9cCtOpo7auq2UL7\n-----END RSA PRIVATE KEY-----\n",
            "public_key_fingerprint_md5": "9c:08:6d:84:61:c4:a4:c8:34:6d:87:ea:d0:40:24:1b",
            "public_key_openssh": "ssh-rsa AAAAB3NzaC1yc2EAAAADAQABAAACAQC3lP0NQBAeaOESqpGFh9eg7/wJoUU7vU6AsdmV0qJ7rybHrp4rb+IDOXo45zBiQ6UiICu74yj1RaUeLJ2dR4WFtJ9QBsTWvSr7/Xse6ok8I3q/R6ID7AamfPfYO4JX0auv0+/0TDHH0YJCaXAQri9QplNA1Oa+2VJf06oY54IO5fDJ9ODbaKFih9Jeri13H7FuQBZbEyMy1+8b2h4h7uc2SToAn82LymLex/7mIUT0R6LxyIRpGhE9DtevkcmGAorc22bOaYmdaN08+DBGvjRBp9mQLoIEVYHzjWTQt4525tjiSoPdpmq91VBVottfUtvSNSSzARfkY/i28qKKITE0YidDmHiqYla7gvS5XKtsihKQjO6YZOkjnrUg70kZBJI9a4HDHHiMy9UXs6gEfMG87tpqJ21wGoin9sgePrBbkAO2u/8NaLKpw5NaYAqs8tsh88lQSAQ5WMKYFE7FVPP22+3pJJTJJc/zHX0MHJlkopLtOHXPCoL9fQA5JnrrdJwSqGq6tp+wOjnrReC2kPxRiqRB3P+/TsfHeY5FhV5+Zpa1A0IRReOOODLGmBVwg/Hegv75/GNHSnvYjDlRmBvIlaUFqaep5NcAUjL+ib+bf3yjL3Fl0PdGQoihj9wBHTi46Al0+Fu+sCbIkgXolG2/y/UO+4wiKQVW7FXwoGrmcw==\n",
            "public_key_pem": "-----BEGIN PUBLIC KEY-----\nMIICIjANBgkqhkiG9w0BAQEFAAOCAg8AMIICCgKCAgEAt5T9DUAQHmjhEqqRhYfX\noO/8CaFFO71OgLHZldKie68mx66eK2/iAzl6OOcwYkOlIiAru+Mo9UWlHiydnUeF\nhbSfUAbE1r0q+/17HuqJPCN6v0eiA+wGpnz32DuCV9Grr9Pv9Ewxx9GCQmlwEK4v\nUKZTQNTmvtlSX9OqGOeCDuXwyfTg22ihYofSXq4tdx+xbkAWWxMjMtfvG9oeIe7n\nNkk6AJ/Ni8pi3sf+5iFE9Eei8ciEaRoRPQ7Xr5HJhgKK3NtmzmmJnWjdPPgwRr40\nQafZkC6CBFWB841k0LeOdubY4kqD3aZqvdVQVaLbX1Lb0jUkswEX5GP4tvKiiiEx\nNGInQ5h4qmJWu4L0uVyrbIoSkIzumGTpI561IO9JGQSSPWuBwxx4jMvVF7OoBHzB\nvO7aaidtcBqIp/bIHj6wW5ADtrv/DWiyqcOTWmAKrPLbIfPJUEgEOVjCmBROxVTz\n9tvt6SSUySXP8x19DByZZKKS7Th1zwqC/X0AOSZ663ScEqhqurafsDo560XgtpD8\nUYqkQdz/v07Hx3mORYVefmaWtQNCEUXjjjgyxpgVcIPx3oL++fxjR0p72Iw5UZgb\nyJWlBamnqeTXAFIy/om/m398oy9xZdD3RkKIoY/cAR04uOgJdPhbvrAmyJIF6JRt\nv8v1DvuMIikFVuxV8KBq5nMCAwEAAQ==\n-----END PUBLIC KEY-----\n",
            "rsa_bits": 4096
          },
          "sensitive_attributes": [],
          "private": "bnVsbA=="
        }
      ]
    }
  ]
}
